// !$*UTF8*$!
{
	archiveVersion = 1;
	classes = {
	};
	objectVersion = 55;
	objects = {

/* Begin PBXBuildFile section */
		A2517A3728AFE9F8001EFEDC /* AppDelegate.swift in Sources */ = {isa = PBXBuildFile; fileRef = A2517A3628AFE9F8001EFEDC /* AppDelegate.swift */; };
		A2517A3928AFE9F8001EFEDC /* SceneDelegate.swift in Sources */ = {isa = PBXBuildFile; fileRef = A2517A3828AFE9F8001EFEDC /* SceneDelegate.swift */; };
		A2517A3B28AFE9F8001EFEDC /* ViewController.swift in Sources */ = {isa = PBXBuildFile; fileRef = A2517A3A28AFE9F8001EFEDC /* ViewController.swift */; };
		A2517A3E28AFE9F8001EFEDC /* Main.storyboard in Resources */ = {isa = PBXBuildFile; fileRef = A2517A3C28AFE9F8001EFEDC /* Main.storyboard */; };
		A2517A4028AFE9FA001EFEDC /* Assets.xcassets in Resources */ = {isa = PBXBuildFile; fileRef = A2517A3F28AFE9FA001EFEDC /* Assets.xcassets */; };
		A2517A4328AFE9FA001EFEDC /* LaunchScreen.storyboard in Resources */ = {isa = PBXBuildFile; fileRef = A2517A4128AFE9FA001EFEDC /* LaunchScreen.storyboard */; };
		A2517A4B28AFEA11001EFEDC /* .gitignore in Resources */ = {isa = PBXBuildFile; fileRef = A2517A4A28AFEA11001EFEDC /* .gitignore */; };
		A2517A5D28B0EA34001EFEDC /* armydictionary.json in Resources */ = {isa = PBXBuildFile; fileRef = A2517A5C28B0EA34001EFEDC /* armydictionary.json */; };
		A2517A6228B0EC01001EFEDC /* ArmyJargon.swift in Sources */ = {isa = PBXBuildFile; fileRef = A2517A6128B0EC01001EFEDC /* ArmyJargon.swift */; };
/* End PBXBuildFile section */

/* Begin PBXFileReference section */
		A2517A3328AFE9F8001EFEDC /* ArmiDic.app */ = {isa = PBXFileReference; explicitFileType = wrapper.application; includeInIndex = 0; path = ArmiDic.app; sourceTree = BUILT_PRODUCTS_DIR; };
		A2517A3628AFE9F8001EFEDC /* AppDelegate.swift */ = {isa = PBXFileReference; lastKnownFileType = sourcecode.swift; path = AppDelegate.swift; sourceTree = "<group>"; };
		A2517A3828AFE9F8001EFEDC /* SceneDelegate.swift */ = {isa = PBXFileReference; lastKnownFileType = sourcecode.swift; path = SceneDelegate.swift; sourceTree = "<group>"; };
		A2517A3A28AFE9F8001EFEDC /* ViewController.swift */ = {isa = PBXFileReference; lastKnownFileType = sourcecode.swift; path = ViewController.swift; sourceTree = "<group>"; };
		A2517A3D28AFE9F8001EFEDC /* Base */ = {isa = PBXFileReference; lastKnownFileType = file.storyboard; name = Base; path = Base.lproj/Main.storyboard; sourceTree = "<group>"; };
		A2517A3F28AFE9FA001EFEDC /* Assets.xcassets */ = {isa = PBXFileReference; lastKnownFileType = folder.assetcatalog; path = Assets.xcassets; sourceTree = "<group>"; };
		A2517A4228AFE9FA001EFEDC /* Base */ = {isa = PBXFileReference; lastKnownFileType = file.storyboard; name = Base; path = Base.lproj/LaunchScreen.storyboard; sourceTree = "<group>"; };
		A2517A4428AFE9FA001EFEDC /* Info.plist */ = {isa = PBXFileReference; lastKnownFileType = text.plist.xml; path = Info.plist; sourceTree = "<group>"; };
		A2517A4A28AFEA11001EFEDC /* .gitignore */ = {isa = PBXFileReference; lastKnownFileType = text; path = .gitignore; sourceTree = "<group>"; };
		A2517A5C28B0EA34001EFEDC /* armydictionary.json */ = {isa = PBXFileReference; fileEncoding = 4; lastKnownFileType = text.json; path = armydictionary.json; sourceTree = "<group>"; };
		A2517A6128B0EC01001EFEDC /* ArmyJargon.swift */ = {isa = PBXFileReference; lastKnownFileType = sourcecode.swift; path = ArmyJargon.swift; sourceTree = "<group>"; };
/* End PBXFileReference section */

/* Begin PBXFrameworksBuildPhase section */
		A2517A3028AFE9F8001EFEDC /* Frameworks */ = {
			isa = PBXFrameworksBuildPhase;
			buildActionMask = 2147483647;
			files = (
			);
			runOnlyForDeploymentPostprocessing = 0;
		};
/* End PBXFrameworksBuildPhase section */

/* Begin PBXGroup section */
		A2517A2A28AFE9F8001EFEDC = {
			isa = PBXGroup;
			children = (
				A2517A4A28AFEA11001EFEDC /* .gitignore */,
				A2517A3528AFE9F8001EFEDC /* ArmiDic */,
				A2517A3428AFE9F8001EFEDC /* Products */,
			);
			sourceTree = "<group>";
		};
		A2517A3428AFE9F8001EFEDC /* Products */ = {
			isa = PBXGroup;
			children = (
				A2517A3328AFE9F8001EFEDC /* ArmiDic.app */,
			);
			name = Products;
			sourceTree = "<group>";
		};
		A2517A3528AFE9F8001EFEDC /* ArmiDic */ = {
			isa = PBXGroup;
			children = (
				A2517A5E28B0EB03001EFEDC /* App */,
				A2517A5F28B0EB09001EFEDC /* Resources */,
				A2517A6028B0EBEE001EFEDC /* Model */,
				A2517A3A28AFE9F8001EFEDC /* ViewController.swift */,
				A2517A3C28AFE9F8001EFEDC /* Main.storyboard */,
				A2517A3F28AFE9FA001EFEDC /* Assets.xcassets */,
				A2517A4128AFE9FA001EFEDC /* LaunchScreen.storyboard */,
				A2517A4428AFE9FA001EFEDC /* Info.plist */,
			);
			path = ArmiDic;
			sourceTree = "<group>";
		};
		A2517A5E28B0EB03001EFEDC /* App */ = {
			isa = PBXGroup;
			children = (
				A2517A3628AFE9F8001EFEDC /* AppDelegate.swift */,
				A2517A3828AFE9F8001EFEDC /* SceneDelegate.swift */,
			);
			path = App;
			sourceTree = "<group>";
		};
		A2517A5F28B0EB09001EFEDC /* Resources */ = {
			isa = PBXGroup;
			children = (
				A2517A5C28B0EA34001EFEDC /* armydictionary.json */,
			);
			path = Resources;
			sourceTree = "<group>";
		};
		A2517A6028B0EBEE001EFEDC /* Model */ = {
			isa = PBXGroup;
			children = (
				A2517A6128B0EC01001EFEDC /* ArmyJargon.swift */,
			);
			path = Model;
			sourceTree = "<group>";
		};
/* End PBXGroup section */

/* Begin PBXNativeTarget section */
		A2517A3228AFE9F8001EFEDC /* ArmiDic */ = {
			isa = PBXNativeTarget;
			buildConfigurationList = A2517A4728AFE9FA001EFEDC /* Build configuration list for PBXNativeTarget "ArmiDic" */;
			buildPhases = (
				A2517A2F28AFE9F8001EFEDC /* Sources */,
				A2517A3028AFE9F8001EFEDC /* Frameworks */,
				A2517A3128AFE9F8001EFEDC /* Resources */,
			);
			buildRules = (
			);
			dependencies = (
			);
			name = ArmiDic;
			packageProductDependencies = (
			);
			productName = ArmiDic;
			productReference = A2517A3328AFE9F8001EFEDC /* ArmiDic.app */;
			productType = "com.apple.product-type.application";
		};
/* End PBXNativeTarget section */

/* Begin PBXProject section */
		A2517A2B28AFE9F8001EFEDC /* Project object */ = {
			isa = PBXProject;
			attributes = {
				BuildIndependentTargetsInParallel = 1;
				LastSwiftUpdateCheck = 1340;
				LastUpgradeCheck = 1340;
				TargetAttributes = {
					A2517A3228AFE9F8001EFEDC = {
						CreatedOnToolsVersion = 13.4.1;
					};
				};
			};
			buildConfigurationList = A2517A2E28AFE9F8001EFEDC /* Build configuration list for PBXProject "ArmiDic" */;
			compatibilityVersion = "Xcode 13.0";
			developmentRegion = en;
			hasScannedForEncodings = 0;
			knownRegions = (
				en,
				Base,
			);
			mainGroup = A2517A2A28AFE9F8001EFEDC;
			packageReferences = (
			);
			productRefGroup = A2517A3428AFE9F8001EFEDC /* Products */;
			projectDirPath = "";
			projectRoot = "";
			targets = (
				A2517A3228AFE9F8001EFEDC /* ArmiDic */,
			);
		};
/* End PBXProject section */

/* Begin PBXResourcesBuildPhase section */
		A2517A3128AFE9F8001EFEDC /* Resources */ = {
			isa = PBXResourcesBuildPhase;
			buildActionMask = 2147483647;
			files = (
				A2517A4B28AFEA11001EFEDC /* .gitignore in Resources */,
				A2517A4328AFE9FA001EFEDC /* LaunchScreen.storyboard in Resources */,
				A2517A5D28B0EA34001EFEDC /* armydictionary.json in Resources */,
				A2517A4028AFE9FA001EFEDC /* Assets.xcassets in Resources */,
				A2517A3E28AFE9F8001EFEDC /* Main.storyboard in Resources */,
			);
			runOnlyForDeploymentPostprocessing = 0;
		};
/* End PBXResourcesBuildPhase section */

/* Begin PBXSourcesBuildPhase section */
		A2517A2F28AFE9F8001EFEDC /* Sources */ = {
			isa = PBXSourcesBuildPhase;
			buildActionMask = 2147483647;
			files = (
				A2517A3B28AFE9F8001EFEDC /* ViewController.swift in Sources */,
				A2517A6228B0EC01001EFEDC /* ArmyJargon.swift in Sources */,
				A2517A3728AFE9F8001EFEDC /* AppDelegate.swift in Sources */,
				A2517A3928AFE9F8001EFEDC /* SceneDelegate.swift in Sources */,
			);
			runOnlyForDeploymentPostprocessing = 0;
		};
/* End PBXSourcesBuildPhase section */

/* Begin PBXVariantGroup section */
		A2517A3C28AFE9F8001EFEDC /* Main.storyboard */ = {
			isa = PBXVariantGroup;
			children = (
				A2517A3D28AFE9F8001EFEDC /* Base */,
			);
			name = Main.storyboard;
			sourceTree = "<group>";
		};
		A2517A4128AFE9FA001EFEDC /* LaunchScreen.storyboard */ = {
			isa = PBXVariantGroup;
			children = (
				A2517A4228AFE9FA001EFEDC /* Base */,
			);
			name = LaunchScreen.storyboard;
			sourceTree = "<group>";
		};
/* End PBXVariantGroup section */

/* Begin XCBuildConfiguration section */
		A2517A4528AFE9FA001EFEDC /* Debug */ = {
			isa = XCBuildConfiguration;
			buildSettings = {
				ALWAYS_SEARCH_USER_PATHS = NO;
				CLANG_ANALYZER_NONNULL = YES;
				CLANG_ANALYZER_NUMBER_OBJECT_CONVERSION = YES_AGGRESSIVE;
				CLANG_CXX_LANGUAGE_STANDARD = "gnu++17";
				CLANG_ENABLE_MODULES = YES;
				CLANG_ENABLE_OBJC_ARC = YES;
				CLANG_ENABLE_OBJC_WEAK = YES;
				CLANG_WARN_BLOCK_CAPTURE_AUTORELEASING = YES;
				CLANG_WARN_BOOL_CONVERSION = YES;
				CLANG_WARN_COMMA = YES;
				CLANG_WARN_CONSTANT_CONVERSION = YES;
				CLANG_WARN_DEPRECATED_OBJC_IMPLEMENTATIONS = YES;
				CLANG_WARN_DIRECT_OBJC_ISA_USAGE = YES_ERROR;
				CLANG_WARN_DOCUMENTATION_COMMENTS = YES;
				CLANG_WARN_EMPTY_BODY = YES;
				CLANG_WARN_ENUM_CONVERSION = YES;
				CLANG_WARN_INFINITE_RECURSION = YES;
				CLANG_WARN_INT_CONVERSION = YES;
				CLANG_WARN_NON_LITERAL_NULL_CONVERSION = YES;
				CLANG_WARN_OBJC_IMPLICIT_RETAIN_SELF = YES;
				CLANG_WARN_OBJC_LITERAL_CONVERSION = YES;
				CLANG_WARN_OBJC_ROOT_CLASS = YES_ERROR;
				CLANG_WARN_QUOTED_INCLUDE_IN_FRAMEWORK_HEADER = YES;
				CLANG_WARN_RANGE_LOOP_ANALYSIS = YES;
				CLANG_WARN_STRICT_PROTOTYPES = YES;
				CLANG_WARN_SUSPICIOUS_MOVE = YES;
				CLANG_WARN_UNGUARDED_AVAILABILITY = YES_AGGRESSIVE;
				CLANG_WARN_UNREACHABLE_CODE = YES;
				CLANG_WARN__DUPLICATE_METHOD_MATCH = YES;
				COPY_PHASE_STRIP = NO;
				DEBUG_INFORMATION_FORMAT = dwarf;
				ENABLE_STRICT_OBJC_MSGSEND = YES;
				ENABLE_TESTABILITY = YES;
				GCC_C_LANGUAGE_STANDARD = gnu11;
				GCC_DYNAMIC_NO_PIC = NO;
				GCC_NO_COMMON_BLOCKS = YES;
				GCC_OPTIMIZATION_LEVEL = 0;
				GCC_PREPROCESSOR_DEFINITIONS = (
					"DEBUG=1",
					"$(inherited)",
				);
				GCC_WARN_64_TO_32_BIT_CONVERSION = YES;
				GCC_WARN_ABOUT_RETURN_TYPE = YES_ERROR;
				GCC_WARN_UNDECLARED_SELECTOR = YES;
				GCC_WARN_UNINITIALIZED_AUTOS = YES_AGGRESSIVE;
				GCC_WARN_UNUSED_FUNCTION = YES;
				GCC_WARN_UNUSED_VARIABLE = YES;
				IPHONEOS_DEPLOYMENT_TARGET = 15.5;
				MTL_ENABLE_DEBUG_INFO = INCLUDE_SOURCE;
				MTL_FAST_MATH = YES;
				ONLY_ACTIVE_ARCH = YES;
				SDKROOT = iphoneos;
				SWIFT_ACTIVE_COMPILATION_CONDITIONS = DEBUG;
				SWIFT_OPTIMIZATION_LEVEL = "-Onone";
			};
			name = Debug;
		};
		A2517A4628AFE9FA001EFEDC /* Release */ = {
			isa = XCBuildConfiguration;
			buildSettings = {
				ALWAYS_SEARCH_USER_PATHS = NO;
				CLANG_ANALYZER_NONNULL = YES;
				CLANG_ANALYZER_NUMBER_OBJECT_CONVERSION = YES_AGGRESSIVE;
				CLANG_CXX_LANGUAGE_STANDARD = "gnu++17";
				CLANG_ENABLE_MODULES = YES;
				CLANG_ENABLE_OBJC_ARC = YES;
				CLANG_ENABLE_OBJC_WEAK = YES;
				CLANG_WARN_BLOCK_CAPTURE_AUTORELEASING = YES;
				CLANG_WARN_BOOL_CONVERSION = YES;
				CLANG_WARN_COMMA = YES;
				CLANG_WARN_CONSTANT_CONVERSION = YES;
				CLANG_WARN_DEPRECATED_OBJC_IMPLEMENTATIONS = YES;
				CLANG_WARN_DIRECT_OBJC_ISA_USAGE = YES_ERROR;
				CLANG_WARN_DOCUMENTATION_COMMENTS = YES;
				CLANG_WARN_EMPTY_BODY = YES;
				CLANG_WARN_ENUM_CONVERSION = YES;
				CLANG_WARN_INFINITE_RECURSION = YES;
				CLANG_WARN_INT_CONVERSION = YES;
				CLANG_WARN_NON_LITERAL_NULL_CONVERSION = YES;
				CLANG_WARN_OBJC_IMPLICIT_RETAIN_SELF = YES;
				CLANG_WARN_OBJC_LITERAL_CONVERSION = YES;
				CLANG_WARN_OBJC_ROOT_CLASS = YES_ERROR;
				CLANG_WARN_QUOTED_INCLUDE_IN_FRAMEWORK_HEADER = YES;
				CLANG_WARN_RANGE_LOOP_ANALYSIS = YES;
				CLANG_WARN_STRICT_PROTOTYPES = YES;
				CLANG_WARN_SUSPICIOUS_MOVE = YES;
				CLANG_WARN_UNGUARDED_AVAILABILITY = YES_AGGRESSIVE;
				CLANG_WARN_UNREACHABLE_CODE = YES;
				CLANG_WARN__DUPLICATE_METHOD_MATCH = YES;
				COPY_PHASE_STRIP = NO;
				DEBUG_INFORMATION_FORMAT = "dwarf-with-dsym";
				ENABLE_NS_ASSERTIONS = NO;
				ENABLE_STRICT_OBJC_MSGSEND = YES;
				GCC_C_LANGUAGE_STANDARD = gnu11;
				GCC_NO_COMMON_BLOCKS = YES;
				GCC_WARN_64_TO_32_BIT_CONVERSION = YES;
				GCC_WARN_ABOUT_RETURN_TYPE = YES_ERROR;
				GCC_WARN_UNDECLARED_SELECTOR = YES;
				GCC_WARN_UNINITIALIZED_AUTOS = YES_AGGRESSIVE;
				GCC_WARN_UNUSED_FUNCTION = YES;
				GCC_WARN_UNUSED_VARIABLE = YES;
				IPHONEOS_DEPLOYMENT_TARGET = 15.5;
				MTL_ENABLE_DEBUG_INFO = NO;
				MTL_FAST_MATH = YES;
				SDKROOT = iphoneos;
				SWIFT_COMPILATION_MODE = wholemodule;
				SWIFT_OPTIMIZATION_LEVEL = "-O";
				VALIDATE_PRODUCT = YES;
			};
			name = Release;
		};
		A2517A4828AFE9FA001EFEDC /* Debug */ = {
			isa = XCBuildConfiguration;
			buildSettings = {
				ASSETCATALOG_COMPILER_APPICON_NAME = AppIcon;
				ASSETCATALOG_COMPILER_GLOBAL_ACCENT_COLOR_NAME = AccentColor;
				CODE_SIGN_STYLE = Automatic;
				CURRENT_PROJECT_VERSION = 1;
				DEVELOPMENT_TEAM = F7B353LPM3;
				GENERATE_INFOPLIST_FILE = YES;
				INFOPLIST_FILE = ArmiDic/Info.plist;
				INFOPLIST_KEY_CFBundleDisplayName = "한미연합사전";
				INFOPLIST_KEY_UIApplicationSupportsIndirectInputEvents = YES;
				INFOPLIST_KEY_UILaunchStoryboardName = LaunchScreen;
				INFOPLIST_KEY_UIMainStoryboardFile = Main;
				INFOPLIST_KEY_UISupportedInterfaceOrientations = UIInterfaceOrientationPortrait;
				INFOPLIST_KEY_UISupportedInterfaceOrientations_iPad = "UIInterfaceOrientationPortrait UIInterfaceOrientationPortraitUpsideDown UIInterfaceOrientationLandscapeLeft UIInterfaceOrientationLandscapeRight";
				INFOPLIST_KEY_UISupportedInterfaceOrientations_iPhone = UIInterfaceOrientationPortrait;
				IPHONEOS_DEPLOYMENT_TARGET = 15.0;
				LD_RUNPATH_SEARCH_PATHS = (
					"$(inherited)",
					"@executable_path/Frameworks",
				);
				MARKETING_VERSION = 1.0;
				PRODUCT_BUNDLE_IDENTIFIER = com.kimdee.AllianceDictionary;
				PRODUCT_NAME = "$(TARGET_NAME)";
				SWIFT_EMIT_LOC_STRINGS = YES;
				SWIFT_VERSION = 5.0;
				TARGETED_DEVICE_FAMILY = 1;
			};
			name = Debug;
		};
		A2517A4928AFE9FA001EFEDC /* Release */ = {
			isa = XCBuildConfiguration;
			buildSettings = {
				ASSETCATALOG_COMPILER_APPICON_NAME = AppIcon;
				ASSETCATALOG_COMPILER_GLOBAL_ACCENT_COLOR_NAME = AccentColor;
				CODE_SIGN_STYLE = Automatic;
				CURRENT_PROJECT_VERSION = 1;
				DEVELOPMENT_TEAM = F7B353LPM3;
				GENERATE_INFOPLIST_FILE = YES;
				INFOPLIST_FILE = ArmiDic/Info.plist;
				INFOPLIST_KEY_CFBundleDisplayName = "한미연합사전";
				INFOPLIST_KEY_UIApplicationSupportsIndirectInputEvents = YES;
				INFOPLIST_KEY_UILaunchStoryboardName = LaunchScreen;
				INFOPLIST_KEY_UIMainStoryboardFile = Main;
				INFOPLIST_KEY_UISupportedInterfaceOrientations = UIInterfaceOrientationPortrait;
				INFOPLIST_KEY_UISupportedInterfaceOrientations_iPad = "UIInterfaceOrientationPortrait UIInterfaceOrientationPortraitUpsideDown UIInterfaceOrientationLandscapeLeft UIInterfaceOrientationLandscapeRight";
				INFOPLIST_KEY_UISupportedInterfaceOrientations_iPhone = UIInterfaceOrientationPortrait;
				IPHONEOS_DEPLOYMENT_TARGET = 15.0;
				LD_RUNPATH_SEARCH_PATHS = (
					"$(inherited)",
					"@executable_path/Frameworks",
				);
				MARKETING_VERSION = 1.0;
				PRODUCT_BUNDLE_IDENTIFIER = com.kimdee.AllianceDictionary;
				PRODUCT_NAME = "$(TARGET_NAME)";
				SWIFT_EMIT_LOC_STRINGS = YES;
				SWIFT_VERSION = 5.0;
				TARGETED_DEVICE_FAMILY = 1;
			};
			name = Release;
		};
/* End XCBuildConfiguration section */

/* Begin XCConfigurationList section */
		A2517A2E28AFE9F8001EFEDC /* Build configuration list for PBXProject "ArmiDic" */ = {
			isa = XCConfigurationList;
			buildConfigurations = (
				A2517A4528AFE9FA001EFEDC /* Debug */,
				A2517A4628AFE9FA001EFEDC /* Release */,
			);
			defaultConfigurationIsVisible = 0;
			defaultConfigurationName = Release;
		};
		A2517A4728AFE9FA001EFEDC /* Build configuration list for PBXNativeTarget "ArmiDic" */ = {
			isa = XCConfigurationList;
			buildConfigurations = (
				A2517A4828AFE9FA001EFEDC /* Debug */,
				A2517A4928AFE9FA001EFEDC /* Release */,
			);
			defaultConfigurationIsVisible = 0;
			defaultConfigurationName = Release;
		};
/* End XCConfigurationList section */
	};
	rootObject = A2517A2B28AFE9F8001EFEDC /* Project object */;
}
