// !$*UTF8*$!
{
	archiveVersion = 1;
	classes = {
	};
	objectVersion = 55;
	objects = {

/* Begin PBXBuildFile section */
		A2517A3728AFE9F8001EFEDC /* AppDelegate.swift in Sources */ = {isa = PBXBuildFile; fileRef = A2517A3628AFE9F8001EFEDC /* AppDelegate.swift */; };
		A2517A3928AFE9F8001EFEDC /* SceneDelegate.swift in Sources */ = {isa = PBXBuildFile; fileRef = A2517A3828AFE9F8001EFEDC /* SceneDelegate.swift */; };
		A2517A3B28AFE9F8001EFEDC /* HomeViewController.swift in Sources */ = {isa = PBXBuildFile; fileRef = A2517A3A28AFE9F8001EFEDC /* HomeViewController.swift */; };
		A2517A3E28AFE9F8001EFEDC /* Main.storyboard in Resources */ = {isa = PBXBuildFile; fileRef = A2517A3C28AFE9F8001EFEDC /* Main.storyboard */; };
		A2517A4028AFE9FA001EFEDC /* Assets.xcassets in Resources */ = {isa = PBXBuildFile; fileRef = A2517A3F28AFE9FA001EFEDC /* Assets.xcassets */; };
		A2517A4328AFE9FA001EFEDC /* LaunchScreen.storyboard in Resources */ = {isa = PBXBuildFile; fileRef = A2517A4128AFE9FA001EFEDC /* LaunchScreen.storyboard */; };
		A2517A4B28AFEA11001EFEDC /* .gitignore in Resources */ = {isa = PBXBuildFile; fileRef = A2517A4A28AFEA11001EFEDC /* .gitignore */; };
		A2517A6228B0EC01001EFEDC /* ArmyJargon.swift in Sources */ = {isa = PBXBuildFile; fileRef = A2517A6128B0EC01001EFEDC /* ArmyJargon.swift */; };
		A2517A6528B13AEC001EFEDC /* HomeCollectionReusableView.swift in Sources */ = {isa = PBXBuildFile; fileRef = A2517A6428B13AEC001EFEDC /* HomeCollectionReusableView.swift */; };
		A2517A6728B13AFE001EFEDC /* HomeCollectionViewCell.swift in Sources */ = {isa = PBXBuildFile; fileRef = A2517A6628B13AFE001EFEDC /* HomeCollectionViewCell.swift */; };
		A2517A6A28B13C2E001EFEDC /* ReusableProtocol.swift in Sources */ = {isa = PBXBuildFile; fileRef = A2517A6928B13C2E001EFEDC /* ReusableProtocol.swift */; };
		A2517A6C28B148B3001EFEDC /* ArmyJargonManager.swift in Sources */ = {isa = PBXBuildFile; fileRef = A2517A6B28B148B3001EFEDC /* ArmyJargonManager.swift */; };
		A2517A6F28B14C2F001EFEDC /* SwiftyJSON in Frameworks */ = {isa = PBXBuildFile; productRef = A2517A6E28B14C2F001EFEDC /* SwiftyJSON */; };
		A2517A8528B217E6001EFEDC /* DetailViewController.swift in Sources */ = {isa = PBXBuildFile; fileRef = A2517A8428B217E6001EFEDC /* DetailViewController.swift */; };
		A2517A8828B21C1D001EFEDC /* BookmarkViewController.swift in Sources */ = {isa = PBXBuildFile; fileRef = A2517A8728B21C1D001EFEDC /* BookmarkViewController.swift */; };
		A2517A8A28B21C4D001EFEDC /* BookmarkCollectionReusableView.swift in Sources */ = {isa = PBXBuildFile; fileRef = A2517A8928B21C4D001EFEDC /* BookmarkCollectionReusableView.swift */; };
		A2517A8C28B21C75001EFEDC /* BookmarkCollectionViewCell.swift in Sources */ = {isa = PBXBuildFile; fileRef = A2517A8B28B21C75001EFEDC /* BookmarkCollectionViewCell.swift */; };
		A2517A8E28B21DCF001EFEDC /* EmptyBookmarkCollectionViewCell.swift in Sources */ = {isa = PBXBuildFile; fileRef = A2517A8D28B21DCF001EFEDC /* EmptyBookmarkCollectionViewCell.swift */; };
		A2517A9328B2299C001EFEDC /* Toast in Frameworks */ = {isa = PBXBuildFile; productRef = A2517A9228B2299C001EFEDC /* Toast */; };
		A2517A9528B2369A001EFEDC /* SearchViewController.swift in Sources */ = {isa = PBXBuildFile; fileRef = A2517A9428B2369A001EFEDC /* SearchViewController.swift */; };
		A2517A9928B237AA001EFEDC /* SearchResultTableViewCell.swift in Sources */ = {isa = PBXBuildFile; fileRef = A2517A9828B237AA001EFEDC /* SearchResultTableViewCell.swift */; };
		A2517A9B28B23801001EFEDC /* SearchEmptyTableViewCell.swift in Sources */ = {isa = PBXBuildFile; fileRef = A2517A9A28B23801001EFEDC /* SearchEmptyTableViewCell.swift */; };
		A2517A9D28B23875001EFEDC /* SearchHistoryTableViewCell.swift in Sources */ = {isa = PBXBuildFile; fileRef = A2517A9C28B23875001EFEDC /* SearchHistoryTableViewCell.swift */; };
		A2517A9F28B238C2001EFEDC /* HistoryQueryCollectionViewCell.swift in Sources */ = {isa = PBXBuildFile; fileRef = A2517A9E28B238C2001EFEDC /* HistoryQueryCollectionViewCell.swift */; };
		A2580DFC28B2466C00F701BA /* armyvoca.json in Resources */ = {isa = PBXBuildFile; fileRef = A2580DFB28B2466C00F701BA /* armyvoca.json */; };
		A2580DFF28B25DA600F701BA /* UserDefaultsManager.swift in Sources */ = {isa = PBXBuildFile; fileRef = A2580DFE28B25DA600F701BA /* UserDefaultsManager.swift */; };
		A2CDD23B290EEA0E000DEF1E /* Localizable.strings in Resources */ = {isa = PBXBuildFile; fileRef = A2CDD23D290EEA0E000DEF1E /* Localizable.strings */; };
		A2CDD240290EEA48000DEF1E /* String+Extension.swift in Sources */ = {isa = PBXBuildFile; fileRef = A2CDD23F290EEA48000DEF1E /* String+Extension.swift */; };
		A2CDD243290EEA97000DEF1E /* InfoPlist.strings in Resources */ = {isa = PBXBuildFile; fileRef = A2CDD245290EEA97000DEF1E /* InfoPlist.strings */; };
/* End PBXBuildFile section */

/* Begin PBXFileReference section */
		A2517A3328AFE9F8001EFEDC /* ArmiDic.app */ = {isa = PBXFileReference; explicitFileType = wrapper.application; includeInIndex = 0; path = ArmiDic.app; sourceTree = BUILT_PRODUCTS_DIR; };
		A2517A3628AFE9F8001EFEDC /* AppDelegate.swift */ = {isa = PBXFileReference; lastKnownFileType = sourcecode.swift; path = AppDelegate.swift; sourceTree = "<group>"; };
		A2517A3828AFE9F8001EFEDC /* SceneDelegate.swift */ = {isa = PBXFileReference; lastKnownFileType = sourcecode.swift; path = SceneDelegate.swift; sourceTree = "<group>"; };
		A2517A3A28AFE9F8001EFEDC /* HomeViewController.swift */ = {isa = PBXFileReference; lastKnownFileType = sourcecode.swift; path = HomeViewController.swift; sourceTree = "<group>"; };
		A2517A3D28AFE9F8001EFEDC /* Base */ = {isa = PBXFileReference; lastKnownFileType = file.storyboard; name = Base; path = Base.lproj/Main.storyboard; sourceTree = "<group>"; };
		A2517A3F28AFE9FA001EFEDC /* Assets.xcassets */ = {isa = PBXFileReference; lastKnownFileType = folder.assetcatalog; path = Assets.xcassets; sourceTree = "<group>"; };
		A2517A4228AFE9FA001EFEDC /* Base */ = {isa = PBXFileReference; lastKnownFileType = file.storyboard; name = Base; path = Base.lproj/LaunchScreen.storyboard; sourceTree = "<group>"; };
		A2517A4428AFE9FA001EFEDC /* Info.plist */ = {isa = PBXFileReference; lastKnownFileType = text.plist.xml; path = Info.plist; sourceTree = "<group>"; };
		A2517A4A28AFEA11001EFEDC /* .gitignore */ = {isa = PBXFileReference; lastKnownFileType = text; path = .gitignore; sourceTree = "<group>"; };
		A2517A6128B0EC01001EFEDC /* ArmyJargon.swift */ = {isa = PBXFileReference; lastKnownFileType = sourcecode.swift; path = ArmyJargon.swift; sourceTree = "<group>"; };
		A2517A6428B13AEC001EFEDC /* HomeCollectionReusableView.swift */ = {isa = PBXFileReference; lastKnownFileType = sourcecode.swift; path = HomeCollectionReusableView.swift; sourceTree = "<group>"; };
		A2517A6628B13AFE001EFEDC /* HomeCollectionViewCell.swift */ = {isa = PBXFileReference; lastKnownFileType = sourcecode.swift; path = HomeCollectionViewCell.swift; sourceTree = "<group>"; };
		A2517A6928B13C2E001EFEDC /* ReusableProtocol.swift */ = {isa = PBXFileReference; lastKnownFileType = sourcecode.swift; path = ReusableProtocol.swift; sourceTree = "<group>"; };
		A2517A6B28B148B3001EFEDC /* ArmyJargonManager.swift */ = {isa = PBXFileReference; lastKnownFileType = sourcecode.swift; path = ArmyJargonManager.swift; sourceTree = "<group>"; };
		A2517A8428B217E6001EFEDC /* DetailViewController.swift */ = {isa = PBXFileReference; lastKnownFileType = sourcecode.swift; path = DetailViewController.swift; sourceTree = "<group>"; };
		A2517A8728B21C1D001EFEDC /* BookmarkViewController.swift */ = {isa = PBXFileReference; lastKnownFileType = sourcecode.swift; path = BookmarkViewController.swift; sourceTree = "<group>"; };
		A2517A8928B21C4D001EFEDC /* BookmarkCollectionReusableView.swift */ = {isa = PBXFileReference; lastKnownFileType = sourcecode.swift; path = BookmarkCollectionReusableView.swift; sourceTree = "<group>"; };
		A2517A8B28B21C75001EFEDC /* BookmarkCollectionViewCell.swift */ = {isa = PBXFileReference; lastKnownFileType = sourcecode.swift; path = BookmarkCollectionViewCell.swift; sourceTree = "<group>"; };
		A2517A8D28B21DCF001EFEDC /* EmptyBookmarkCollectionViewCell.swift */ = {isa = PBXFileReference; lastKnownFileType = sourcecode.swift; path = EmptyBookmarkCollectionViewCell.swift; sourceTree = "<group>"; };
		A2517A9428B2369A001EFEDC /* SearchViewController.swift */ = {isa = PBXFileReference; lastKnownFileType = sourcecode.swift; path = SearchViewController.swift; sourceTree = "<group>"; };
		A2517A9828B237AA001EFEDC /* SearchResultTableViewCell.swift */ = {isa = PBXFileReference; lastKnownFileType = sourcecode.swift; path = SearchResultTableViewCell.swift; sourceTree = "<group>"; };
		A2517A9A28B23801001EFEDC /* SearchEmptyTableViewCell.swift */ = {isa = PBXFileReference; lastKnownFileType = sourcecode.swift; path = SearchEmptyTableViewCell.swift; sourceTree = "<group>"; };
		A2517A9C28B23875001EFEDC /* SearchHistoryTableViewCell.swift */ = {isa = PBXFileReference; lastKnownFileType = sourcecode.swift; path = SearchHistoryTableViewCell.swift; sourceTree = "<group>"; };
		A2517A9E28B238C2001EFEDC /* HistoryQueryCollectionViewCell.swift */ = {isa = PBXFileReference; lastKnownFileType = sourcecode.swift; path = HistoryQueryCollectionViewCell.swift; sourceTree = "<group>"; };
		A2580DFB28B2466C00F701BA /* armyvoca.json */ = {isa = PBXFileReference; fileEncoding = 4; lastKnownFileType = text.json; path = armyvoca.json; sourceTree = "<group>"; };
		A2580DFE28B25DA600F701BA /* UserDefaultsManager.swift */ = {isa = PBXFileReference; lastKnownFileType = sourcecode.swift; path = UserDefaultsManager.swift; sourceTree = "<group>"; };
		A2CDD233290EE89D000DEF1E /* ko */ = {isa = PBXFileReference; lastKnownFileType = text.plist.strings; name = ko; path = ko.lproj/Main.strings; sourceTree = "<group>"; };
		A2CDD234290EE89D000DEF1E /* ko */ = {isa = PBXFileReference; lastKnownFileType = text.plist.strings; name = ko; path = ko.lproj/LaunchScreen.strings; sourceTree = "<group>"; };
		A2CDD236290EE8AB000DEF1E /* en */ = {isa = PBXFileReference; lastKnownFileType = text.plist.strings; name = en; path = en.lproj/Main.strings; sourceTree = "<group>"; };
		A2CDD23C290EEA0E000DEF1E /* ko */ = {isa = PBXFileReference; lastKnownFileType = text.plist.strings; name = ko; path = ko.lproj/Localizable.strings; sourceTree = "<group>"; };
		A2CDD23E290EEA10000DEF1E /* en */ = {isa = PBXFileReference; lastKnownFileType = text.plist.strings; name = en; path = en.lproj/Localizable.strings; sourceTree = "<group>"; };
		A2CDD23F290EEA48000DEF1E /* String+Extension.swift */ = {isa = PBXFileReference; lastKnownFileType = sourcecode.swift; path = "String+Extension.swift"; sourceTree = "<group>"; };
		A2CDD244290EEA97000DEF1E /* en */ = {isa = PBXFileReference; lastKnownFileType = text.plist.strings; name = en; path = en.lproj/InfoPlist.strings; sourceTree = "<group>"; };
		A2CDD246290EEA9A000DEF1E /* ko */ = {isa = PBXFileReference; lastKnownFileType = text.plist.strings; name = ko; path = ko.lproj/InfoPlist.strings; sourceTree = "<group>"; };
/* End PBXFileReference section */

/* Begin PBXFrameworksBuildPhase section */
		A2517A3028AFE9F8001EFEDC /* Frameworks */ = {
			isa = PBXFrameworksBuildPhase;
			buildActionMask = 2147483647;
			files = (
				A2517A9328B2299C001EFEDC /* Toast in Frameworks */,
				A2517A6F28B14C2F001EFEDC /* SwiftyJSON in Frameworks */,
			);
			runOnlyForDeploymentPostprocessing = 0;
		};
/* End PBXFrameworksBuildPhase section */

/* Begin PBXGroup section */
		A2517A2A28AFE9F8001EFEDC = {
			isa = PBXGroup;
			children = (
				A2517A4A28AFEA11001EFEDC /* .gitignore */,
				A2517A3528AFE9F8001EFEDC /* ArmiDic */,
				A2517A3428AFE9F8001EFEDC /* Products */,
			);
			sourceTree = "<group>";
		};
		A2517A3428AFE9F8001EFEDC /* Products */ = {
			isa = PBXGroup;
			children = (
				A2517A3328AFE9F8001EFEDC /* ArmiDic.app */,
			);
			name = Products;
			sourceTree = "<group>";
		};
		A2517A3528AFE9F8001EFEDC /* ArmiDic */ = {
			isa = PBXGroup;
			children = (
				A2517A5E28B0EB03001EFEDC /* App */,
				A2CDD237290EE9DA000DEF1E /* Global */,
				A2517A6828B13BE7001EFEDC /* Extension */,
				A2580DFD28B25D6500F701BA /* UserDefaults */,
				A2517A5F28B0EB09001EFEDC /* Resources */,
				A2517A6028B0EBEE001EFEDC /* Model */,
				A2517A8328B217CC001EFEDC /* Detail */,
				A2517A6328B13A3B001EFEDC /* Home */,
				A2517A7628B2000D001EFEDC /* Search */,
				A2517A8628B21C0B001EFEDC /* Bookmark */,
				A2517A3C28AFE9F8001EFEDC /* Main.storyboard */,
				A2517A4128AFE9FA001EFEDC /* LaunchScreen.storyboard */,
				A2517A3F28AFE9FA001EFEDC /* Assets.xcassets */,
				A2517A4428AFE9FA001EFEDC /* Info.plist */,
			);
			path = ArmiDic;
			sourceTree = "<group>";
		};
		A2517A5E28B0EB03001EFEDC /* App */ = {
			isa = PBXGroup;
			children = (
				A2517A3628AFE9F8001EFEDC /* AppDelegate.swift */,
				A2517A3828AFE9F8001EFEDC /* SceneDelegate.swift */,
			);
			path = App;
			sourceTree = "<group>";
		};
		A2517A5F28B0EB09001EFEDC /* Resources */ = {
			isa = PBXGroup;
			children = (
				A2580DFB28B2466C00F701BA /* armyvoca.json */,
			);
			path = Resources;
			sourceTree = "<group>";
		};
		A2517A6028B0EBEE001EFEDC /* Model */ = {
			isa = PBXGroup;
			children = (
				A2517A6128B0EC01001EFEDC /* ArmyJargon.swift */,
				A2517A6B28B148B3001EFEDC /* ArmyJargonManager.swift */,
			);
			path = Model;
			sourceTree = "<group>";
		};
		A2517A6328B13A3B001EFEDC /* Home */ = {
			isa = PBXGroup;
			children = (
				A2517A3A28AFE9F8001EFEDC /* HomeViewController.swift */,
				A2517A6428B13AEC001EFEDC /* HomeCollectionReusableView.swift */,
				A2517A6628B13AFE001EFEDC /* HomeCollectionViewCell.swift */,
			);
			path = Home;
			sourceTree = "<group>";
		};
		A2517A6828B13BE7001EFEDC /* Extension */ = {
			isa = PBXGroup;
			children = (
				A2517A6928B13C2E001EFEDC /* ReusableProtocol.swift */,
				A2CDD23F290EEA48000DEF1E /* String+Extension.swift */,
			);
			path = Extension;
			sourceTree = "<group>";
		};
		A2517A7628B2000D001EFEDC /* Search */ = {
			isa = PBXGroup;
			children = (
				A2517A9428B2369A001EFEDC /* SearchViewController.swift */,
				A2517A9828B237AA001EFEDC /* SearchResultTableViewCell.swift */,
				A2517A9A28B23801001EFEDC /* SearchEmptyTableViewCell.swift */,
				A2517A9C28B23875001EFEDC /* SearchHistoryTableViewCell.swift */,
				A2517A9E28B238C2001EFEDC /* HistoryQueryCollectionViewCell.swift */,
			);
			path = Search;
			sourceTree = "<group>";
		};
		A2517A8328B217CC001EFEDC /* Detail */ = {
			isa = PBXGroup;
			children = (
				A2517A8428B217E6001EFEDC /* DetailViewController.swift */,
			);
			path = Detail;
			sourceTree = "<group>";
		};
		A2517A8628B21C0B001EFEDC /* Bookmark */ = {
			isa = PBXGroup;
			children = (
				A2517A8728B21C1D001EFEDC /* BookmarkViewController.swift */,
				A2517A8928B21C4D001EFEDC /* BookmarkCollectionReusableView.swift */,
				A2517A8B28B21C75001EFEDC /* BookmarkCollectionViewCell.swift */,
				A2517A8D28B21DCF001EFEDC /* EmptyBookmarkCollectionViewCell.swift */,
			);
			path = Bookmark;
			sourceTree = "<group>";
		};
		A2580DFD28B25D6500F701BA /* UserDefaults */ = {
			isa = PBXGroup;
			children = (
				A2580DFE28B25DA600F701BA /* UserDefaultsManager.swift */,
			);
			path = UserDefaults;
			sourceTree = "<group>";
		};
		A2CDD237290EE9DA000DEF1E /* Global */ = {
			isa = PBXGroup;
			children = (
				A2CDD238290EE9E8000DEF1E /* Literals */,
			);
			path = Global;
			sourceTree = "<group>";
		};
		A2CDD238290EE9E8000DEF1E /* Literals */ = {
			isa = PBXGroup;
			children = (
				A2CDD23D290EEA0E000DEF1E /* Localizable.strings */,
				A2CDD245290EEA97000DEF1E /* InfoPlist.strings */,
			);
			path = Literals;
			sourceTree = "<group>";
		};
/* End PBXGroup section */

/* Begin PBXNativeTarget section */
		A2517A3228AFE9F8001EFEDC /* ArmiDic */ = {
			isa = PBXNativeTarget;
			buildConfigurationList = A2517A4728AFE9FA001EFEDC /* Build configuration list for PBXNativeTarget "ArmiDic" */;
			buildPhases = (
				A2517A2F28AFE9F8001EFEDC /* Sources */,
				A2517A3028AFE9F8001EFEDC /* Frameworks */,
				A2517A3128AFE9F8001EFEDC /* Resources */,
			);
			buildRules = (
			);
			dependencies = (
			);
			name = ArmiDic;
			packageProductDependencies = (
				A2517A6E28B14C2F001EFEDC /* SwiftyJSON */,
				A2517A9228B2299C001EFEDC /* Toast */,
			);
			productName = ArmiDic;
			productReference = A2517A3328AFE9F8001EFEDC /* ArmiDic.app */;
			productType = "com.apple.product-type.application";
		};
/* End PBXNativeTarget section */

/* Begin PBXProject section */
		A2517A2B28AFE9F8001EFEDC /* Project object */ = {
			isa = PBXProject;
			attributes = {
				BuildIndependentTargetsInParallel = 1;
				LastSwiftUpdateCheck = 1340;
				LastUpgradeCheck = 1340;
				TargetAttributes = {
					A2517A3228AFE9F8001EFEDC = {
						CreatedOnToolsVersion = 13.4.1;
					};
				};
			};
			buildConfigurationList = A2517A2E28AFE9F8001EFEDC /* Build configuration list for PBXProject "ArmiDic" */;
			compatibilityVersion = "Xcode 13.0";
			developmentRegion = en;
			hasScannedForEncodings = 0;
			knownRegions = (
				en,
				Base,
				ko,
			);
			mainGroup = A2517A2A28AFE9F8001EFEDC;
			packageReferences = (
				A2517A6D28B14C2F001EFEDC /* XCRemoteSwiftPackageReference "SwiftyJSON" */,
				A2517A9128B2299C001EFEDC /* XCRemoteSwiftPackageReference "Toast-Swift" */,
			);
			productRefGroup = A2517A3428AFE9F8001EFEDC /* Products */;
			projectDirPath = "";
			projectRoot = "";
			targets = (
				A2517A3228AFE9F8001EFEDC /* ArmiDic */,
			);
		};
/* End PBXProject section */

/* Begin PBXResourcesBuildPhase section */
		A2517A3128AFE9F8001EFEDC /* Resources */ = {
			isa = PBXResourcesBuildPhase;
			buildActionMask = 2147483647;
			files = (
				A2517A4B28AFEA11001EFEDC /* .gitignore in Resources */,
				A2CDD23B290EEA0E000DEF1E /* Localizable.strings in Resources */,
				A2580DFC28B2466C00F701BA /* armyvoca.json in Resources */,
				A2517A4328AFE9FA001EFEDC /* LaunchScreen.storyboard in Resources */,
				A2CDD243290EEA97000DEF1E /* InfoPlist.strings in Resources */,
				A2517A4028AFE9FA001EFEDC /* Assets.xcassets in Resources */,
				A2517A3E28AFE9F8001EFEDC /* Main.storyboard in Resources */,
			);
			runOnlyForDeploymentPostprocessing = 0;
		};
/* End PBXResourcesBuildPhase section */

/* Begin PBXSourcesBuildPhase section */
		A2517A2F28AFE9F8001EFEDC /* Sources */ = {
			isa = PBXSourcesBuildPhase;
			buildActionMask = 2147483647;
			files = (
				A2517A8E28B21DCF001EFEDC /* EmptyBookmarkCollectionViewCell.swift in Sources */,
				A2517A3B28AFE9F8001EFEDC /* HomeViewController.swift in Sources */,
				A2517A9928B237AA001EFEDC /* SearchResultTableViewCell.swift in Sources */,
				A2517A6A28B13C2E001EFEDC /* ReusableProtocol.swift in Sources */,
				A2517A6228B0EC01001EFEDC /* ArmyJargon.swift in Sources */,
				A2580DFF28B25DA600F701BA /* UserDefaultsManager.swift in Sources */,
				A2517A6C28B148B3001EFEDC /* ArmyJargonManager.swift in Sources */,
				A2517A3728AFE9F8001EFEDC /* AppDelegate.swift in Sources */,
				A2CDD240290EEA48000DEF1E /* String+Extension.swift in Sources */,
				A2517A3928AFE9F8001EFEDC /* SceneDelegate.swift in Sources */,
				A2517A9F28B238C2001EFEDC /* HistoryQueryCollectionViewCell.swift in Sources */,
				A2517A6528B13AEC001EFEDC /* HomeCollectionReusableView.swift in Sources */,
				A2517A9528B2369A001EFEDC /* SearchViewController.swift in Sources */,
				A2517A8A28B21C4D001EFEDC /* BookmarkCollectionReusableView.swift in Sources */,
				A2517A8828B21C1D001EFEDC /* BookmarkViewController.swift in Sources */,
				A2517A8C28B21C75001EFEDC /* BookmarkCollectionViewCell.swift in Sources */,
				A2517A8528B217E6001EFEDC /* DetailViewController.swift in Sources */,
				A2517A6728B13AFE001EFEDC /* HomeCollectionViewCell.swift in Sources */,
				A2517A9D28B23875001EFEDC /* SearchHistoryTableViewCell.swift in Sources */,
				A2517A9B28B23801001EFEDC /* SearchEmptyTableViewCell.swift in Sources */,
			);
			runOnlyForDeploymentPostprocessing = 0;
		};
/* End PBXSourcesBuildPhase section */

/* Begin PBXVariantGroup section */
		A2517A3C28AFE9F8001EFEDC /* Main.storyboard */ = {
			isa = PBXVariantGroup;
			children = (
				A2517A3D28AFE9F8001EFEDC /* Base */,
				A2CDD233290EE89D000DEF1E /* ko */,
				A2CDD236290EE8AB000DEF1E /* en */,
			);
			name = Main.storyboard;
			sourceTree = "<group>";
		};
		A2517A4128AFE9FA001EFEDC /* LaunchScreen.storyboard */ = {
			isa = PBXVariantGroup;
			children = (
				A2517A4228AFE9FA001EFEDC /* Base */,
				A2CDD234290EE89D000DEF1E /* ko */,
			);
			name = LaunchScreen.storyboard;
			sourceTree = "<group>";
		};
		A2CDD23D290EEA0E000DEF1E /* Localizable.strings */ = {
			isa = PBXVariantGroup;
			children = (
				A2CDD23C290EEA0E000DEF1E /* ko */,
				A2CDD23E290EEA10000DEF1E /* en */,
			);
			name = Localizable.strings;
			sourceTree = "<group>";
		};
		A2CDD245290EEA97000DEF1E /* InfoPlist.strings */ = {
			isa = PBXVariantGroup;
			children = (
				A2CDD244290EEA97000DEF1E /* en */,
				A2CDD246290EEA9A000DEF1E /* ko */,
			);
			name = InfoPlist.strings;
			sourceTree = "<group>";
		};
/* End PBXVariantGroup section */

/* Begin XCBuildConfiguration section */
		A2517A4528AFE9FA001EFEDC /* Debug */ = {
			isa = XCBuildConfiguration;
			buildSettings = {
				ALWAYS_SEARCH_USER_PATHS = NO;
				CLANG_ANALYZER_LOCALIZABILITY_NONLOCALIZED = YES;
				CLANG_ANALYZER_NONNULL = YES;
				CLANG_ANALYZER_NUMBER_OBJECT_CONVERSION = YES_AGGRESSIVE;
				CLANG_CXX_LANGUAGE_STANDARD = "gnu++17";
				CLANG_ENABLE_MODULES = YES;
				CLANG_ENABLE_OBJC_ARC = YES;
				CLANG_ENABLE_OBJC_WEAK = YES;
				CLANG_WARN_BLOCK_CAPTURE_AUTORELEASING = YES;
				CLANG_WARN_BOOL_CONVERSION = YES;
				CLANG_WARN_COMMA = YES;
				CLANG_WARN_CONSTANT_CONVERSION = YES;
				CLANG_WARN_DEPRECATED_OBJC_IMPLEMENTATIONS = YES;
				CLANG_WARN_DIRECT_OBJC_ISA_USAGE = YES_ERROR;
				CLANG_WARN_DOCUMENTATION_COMMENTS = YES;
				CLANG_WARN_EMPTY_BODY = YES;
				CLANG_WARN_ENUM_CONVERSION = YES;
				CLANG_WARN_INFINITE_RECURSION = YES;
				CLANG_WARN_INT_CONVERSION = YES;
				CLANG_WARN_NON_LITERAL_NULL_CONVERSION = YES;
				CLANG_WARN_OBJC_IMPLICIT_RETAIN_SELF = YES;
				CLANG_WARN_OBJC_LITERAL_CONVERSION = YES;
				CLANG_WARN_OBJC_ROOT_CLASS = YES_ERROR;
				CLANG_WARN_QUOTED_INCLUDE_IN_FRAMEWORK_HEADER = YES;
				CLANG_WARN_RANGE_LOOP_ANALYSIS = YES;
				CLANG_WARN_STRICT_PROTOTYPES = YES;
				CLANG_WARN_SUSPICIOUS_MOVE = YES;
				CLANG_WARN_UNGUARDED_AVAILABILITY = YES_AGGRESSIVE;
				CLANG_WARN_UNREACHABLE_CODE = YES;
				CLANG_WARN__DUPLICATE_METHOD_MATCH = YES;
				COPY_PHASE_STRIP = NO;
				DEBUG_INFORMATION_FORMAT = dwarf;
				ENABLE_STRICT_OBJC_MSGSEND = YES;
				ENABLE_TESTABILITY = YES;
				GCC_C_LANGUAGE_STANDARD = gnu11;
				GCC_DYNAMIC_NO_PIC = NO;
				GCC_NO_COMMON_BLOCKS = YES;
				GCC_OPTIMIZATION_LEVEL = 0;
				GCC_PREPROCESSOR_DEFINITIONS = (
					"DEBUG=1",
					"$(inherited)",
				);
				GCC_WARN_64_TO_32_BIT_CONVERSION = YES;
				GCC_WARN_ABOUT_RETURN_TYPE = YES_ERROR;
				GCC_WARN_UNDECLARED_SELECTOR = YES;
				GCC_WARN_UNINITIALIZED_AUTOS = YES_AGGRESSIVE;
				GCC_WARN_UNUSED_FUNCTION = YES;
				GCC_WARN_UNUSED_VARIABLE = YES;
				IPHONEOS_DEPLOYMENT_TARGET = 15.0;
				MTL_ENABLE_DEBUG_INFO = INCLUDE_SOURCE;
				MTL_FAST_MATH = YES;
				ONLY_ACTIVE_ARCH = YES;
				SDKROOT = iphoneos;
				SWIFT_ACTIVE_COMPILATION_CONDITIONS = DEBUG;
				SWIFT_OPTIMIZATION_LEVEL = "-Onone";
			};
			name = Debug;
		};
		A2517A4628AFE9FA001EFEDC /* Release */ = {
			isa = XCBuildConfiguration;
			buildSettings = {
				ALWAYS_SEARCH_USER_PATHS = NO;
				CLANG_ANALYZER_LOCALIZABILITY_NONLOCALIZED = YES;
				CLANG_ANALYZER_NONNULL = YES;
				CLANG_ANALYZER_NUMBER_OBJECT_CONVERSION = YES_AGGRESSIVE;
				CLANG_CXX_LANGUAGE_STANDARD = "gnu++17";
				CLANG_ENABLE_MODULES = YES;
				CLANG_ENABLE_OBJC_ARC = YES;
				CLANG_ENABLE_OBJC_WEAK = YES;
				CLANG_WARN_BLOCK_CAPTURE_AUTORELEASING = YES;
				CLANG_WARN_BOOL_CONVERSION = YES;
				CLANG_WARN_COMMA = YES;
				CLANG_WARN_CONSTANT_CONVERSION = YES;
				CLANG_WARN_DEPRECATED_OBJC_IMPLEMENTATIONS = YES;
				CLANG_WARN_DIRECT_OBJC_ISA_USAGE = YES_ERROR;
				CLANG_WARN_DOCUMENTATION_COMMENTS = YES;
				CLANG_WARN_EMPTY_BODY = YES;
				CLANG_WARN_ENUM_CONVERSION = YES;
				CLANG_WARN_INFINITE_RECURSION = YES;
				CLANG_WARN_INT_CONVERSION = YES;
				CLANG_WARN_NON_LITERAL_NULL_CONVERSION = YES;
				CLANG_WARN_OBJC_IMPLICIT_RETAIN_SELF = YES;
				CLANG_WARN_OBJC_LITERAL_CONVERSION = YES;
				CLANG_WARN_OBJC_ROOT_CLASS = YES_ERROR;
				CLANG_WARN_QUOTED_INCLUDE_IN_FRAMEWORK_HEADER = YES;
				CLANG_WARN_RANGE_LOOP_ANALYSIS = YES;
				CLANG_WARN_STRICT_PROTOTYPES = YES;
				CLANG_WARN_SUSPICIOUS_MOVE = YES;
				CLANG_WARN_UNGUARDED_AVAILABILITY = YES_AGGRESSIVE;
				CLANG_WARN_UNREACHABLE_CODE = YES;
				CLANG_WARN__DUPLICATE_METHOD_MATCH = YES;
				COPY_PHASE_STRIP = NO;
				DEBUG_INFORMATION_FORMAT = "dwarf-with-dsym";
				ENABLE_NS_ASSERTIONS = NO;
				ENABLE_STRICT_OBJC_MSGSEND = YES;
				GCC_C_LANGUAGE_STANDARD = gnu11;
				GCC_NO_COMMON_BLOCKS = YES;
				GCC_WARN_64_TO_32_BIT_CONVERSION = YES;
				GCC_WARN_ABOUT_RETURN_TYPE = YES_ERROR;
				GCC_WARN_UNDECLARED_SELECTOR = YES;
				GCC_WARN_UNINITIALIZED_AUTOS = YES_AGGRESSIVE;
				GCC_WARN_UNUSED_FUNCTION = YES;
				GCC_WARN_UNUSED_VARIABLE = YES;
				IPHONEOS_DEPLOYMENT_TARGET = 15.0;
				MTL_ENABLE_DEBUG_INFO = NO;
				MTL_FAST_MATH = YES;
				SDKROOT = iphoneos;
				SWIFT_COMPILATION_MODE = wholemodule;
				SWIFT_OPTIMIZATION_LEVEL = "-O";
				VALIDATE_PRODUCT = YES;
			};
			name = Release;
		};
		A2517A4828AFE9FA001EFEDC /* Debug */ = {
			isa = XCBuildConfiguration;
			buildSettings = {
				ASSETCATALOG_COMPILER_APPICON_NAME = AppIcon;
				ASSETCATALOG_COMPILER_GLOBAL_ACCENT_COLOR_NAME = AccentColor;
				CODE_SIGN_STYLE = Automatic;
				CURRENT_PROJECT_VERSION = 2;
				DEVELOPMENT_TEAM = F7B353LPM3;
				GENERATE_INFOPLIST_FILE = YES;
				INFOPLIST_FILE = ArmiDic/Info.plist;
				INFOPLIST_KEY_CFBundleDisplayName = "한미연합사전";
				INFOPLIST_KEY_UIApplicationSupportsIndirectInputEvents = YES;
				INFOPLIST_KEY_UILaunchStoryboardName = LaunchScreen;
				INFOPLIST_KEY_UIMainStoryboardFile = Main;
				INFOPLIST_KEY_UISupportedInterfaceOrientations = UIInterfaceOrientationPortrait;
				INFOPLIST_KEY_UISupportedInterfaceOrientations_iPad = UIInterfaceOrientationPortrait;
				INFOPLIST_KEY_UISupportedInterfaceOrientations_iPhone = UIInterfaceOrientationPortrait;
				INFOPLIST_KEY_UIUserInterfaceStyle = Light;
				IPHONEOS_DEPLOYMENT_TARGET = 15.0;
				LD_RUNPATH_SEARCH_PATHS = (
					"$(inherited)",
					"@executable_path/Frameworks",
				);
				MARKETING_VERSION = 1.1.3;
				PRODUCT_BUNDLE_IDENTIFIER = com.kimdee.AllianceDictionary;
				PRODUCT_NAME = "$(TARGET_NAME)";
				SWIFT_EMIT_LOC_STRINGS = YES;
				SWIFT_VERSION = 5.0;
				TARGETED_DEVICE_FAMILY = 1;
			};
			name = Debug;
		};
		A2517A4928AFE9FA001EFEDC /* Release */ = {
			isa = XCBuildConfiguration;
			buildSettings = {
				ASSETCATALOG_COMPILER_APPICON_NAME = AppIcon;
				ASSETCATALOG_COMPILER_GLOBAL_ACCENT_COLOR_NAME = AccentColor;
				CODE_SIGN_STYLE = Automatic;
				CURRENT_PROJECT_VERSION = 2;
				DEVELOPMENT_TEAM = F7B353LPM3;
				GENERATE_INFOPLIST_FILE = YES;
				INFOPLIST_FILE = ArmiDic/Info.plist;
				INFOPLIST_KEY_CFBundleDisplayName = "한미연합사전";
				INFOPLIST_KEY_UIApplicationSupportsIndirectInputEvents = YES;
				INFOPLIST_KEY_UILaunchStoryboardName = LaunchScreen;
				INFOPLIST_KEY_UIMainStoryboardFile = Main;
				INFOPLIST_KEY_UISupportedInterfaceOrientations = UIInterfaceOrientationPortrait;
				INFOPLIST_KEY_UISupportedInterfaceOrientations_iPad = UIInterfaceOrientationPortrait;
				INFOPLIST_KEY_UISupportedInterfaceOrientations_iPhone = UIInterfaceOrientationPortrait;
				INFOPLIST_KEY_UIUserInterfaceStyle = Light;
				IPHONEOS_DEPLOYMENT_TARGET = 15.0;
				LD_RUNPATH_SEARCH_PATHS = (
					"$(inherited)",
					"@executable_path/Frameworks",
				);
				MARKETING_VERSION = 1.1.3;
				PRODUCT_BUNDLE_IDENTIFIER = com.kimdee.AllianceDictionary;
				PRODUCT_NAME = "$(TARGET_NAME)";
				SWIFT_EMIT_LOC_STRINGS = YES;
				SWIFT_VERSION = 5.0;
				TARGETED_DEVICE_FAMILY = 1;
			};
			name = Release;
		};
/* End XCBuildConfiguration section */

/* Begin XCConfigurationList section */
		A2517A2E28AFE9F8001EFEDC /* Build configuration list for PBXProject "ArmiDic" */ = {
			isa = XCConfigurationList;
			buildConfigurations = (
				A2517A4528AFE9FA001EFEDC /* Debug */,
				A2517A4628AFE9FA001EFEDC /* Release */,
			);
			defaultConfigurationIsVisible = 0;
			defaultConfigurationName = Release;
		};
		A2517A4728AFE9FA001EFEDC /* Build configuration list for PBXNativeTarget "ArmiDic" */ = {
			isa = XCConfigurationList;
			buildConfigurations = (
				A2517A4828AFE9FA001EFEDC /* Debug */,
				A2517A4928AFE9FA001EFEDC /* Release */,
			);
			defaultConfigurationIsVisible = 0;
			defaultConfigurationName = Release;
		};
/* End XCConfigurationList section */

/* Begin XCRemoteSwiftPackageReference section */
		A2517A6D28B14C2F001EFEDC /* XCRemoteSwiftPackageReference "SwiftyJSON" */ = {
			isa = XCRemoteSwiftPackageReference;
			repositoryURL = "https://github.com/SwiftyJSON/SwiftyJSON";
			requirement = {
				kind = upToNextMajorVersion;
				minimumVersion = 5.0.0;
			};
		};
		A2517A9128B2299C001EFEDC /* XCRemoteSwiftPackageReference "Toast-Swift" */ = {
			isa = XCRemoteSwiftPackageReference;
			repositoryURL = "https://github.com/scalessec/Toast-Swift";
			requirement = {
				kind = upToNextMajorVersion;
				minimumVersion = 5.0.0;
			};
		};
/* End XCRemoteSwiftPackageReference section */

/* Begin XCSwiftPackageProductDependency section */
		A2517A6E28B14C2F001EFEDC /* SwiftyJSON */ = {
			isa = XCSwiftPackageProductDependency;
			package = A2517A6D28B14C2F001EFEDC /* XCRemoteSwiftPackageReference "SwiftyJSON" */;
			productName = SwiftyJSON;
		};
		A2517A9228B2299C001EFEDC /* Toast */ = {
			isa = XCSwiftPackageProductDependency;
			package = A2517A9128B2299C001EFEDC /* XCRemoteSwiftPackageReference "Toast-Swift" */;
			productName = Toast;
		};
/* End XCSwiftPackageProductDependency section */
	};
	rootObject = A2517A2B28AFE9F8001EFEDC /* Project object */;
}
